# This file is generated by running "yarn install" inside your project.
# Manual changes might be lost - proceed with caution!

__metadata:
  version: 6
  cacheKey: 8

"is-positive@github:kevva/is-positive":
  version: 3.1.0
  resolution: "is-positive@https://github.com/kevva/is-positive.git#commit=97edff6f525f192a3f83cea1944765f769ae2678"
  checksum: cc3d3247d509d5c272122be98eac520d1622043a330efaf0ed18645497cdce57996feff8a4a98cba72c6ec20d967ab1e1301e9b97d28f099ce81307008447d70
  languageName: node
  linkType: hard

"yarn-patch-test@workspace:.":
  version: 0.0.0-use.local
  resolution: "yarn-patch-test@workspace:."
  dependencies:
    is-positive: "github:kevva/is-positive"
  bin:
    yarn-patch-test: index.js
  languageName: unknown
  linkType: soft
